# This file is automatically @generated by Cargo.
# It is not intended for manual editing.
version = 3

[[package]]
name = "abort_on_panic"
version = "2.0.0"
source = "registry+https://github.com/rust-lang/crates.io-index"
checksum = "955f37ac58af2416bac687c8ab66a4ccba282229bd7422a28d2281a5e66a6116"

[[package]]
name = "aho-corasick"
version = "0.7.18"
source = "registry+https://github.com/rust-lang/crates.io-index"
checksum = "1e37cfd5e7657ada45f742d6e99ca5788580b5c529dc78faf11ece6dc702656f"
dependencies = [
 "memchr",
]

[[package]]
name = "cc"
version = "1.0.73"
source = "registry+https://github.com/rust-lang/crates.io-index"
checksum = "2fff2a6927b3bb87f9595d67196a70493f627687a71d87a0d692242c33f58c11"

[[package]]
name = "cfg-if"
version = "1.0.0"
source = "registry+https://github.com/rust-lang/crates.io-index"
checksum = "baf1de4339761588bc0619e3cbc0120ee582ebb74b53b4efbf79117bd2da40fd"

[[package]]
name = "exotic_nif"
version = "0.1.0"
dependencies = [
 "libffi",
 "libloading",
 "rustler",
]

[[package]]
name = "heck"
version = "0.4.0"
source = "registry+https://github.com/rust-lang/crates.io-index"
checksum = "2540771e65fc8cb83cd6e8a237f70c319bd5c29f78ed1084ba5d50eeac86f7f9"

[[package]]
name = "lazy_static"
version = "1.4.0"
source = "registry+https://github.com/rust-lang/crates.io-index"
checksum = "e2abad23fbc42b3700f2f279844dc832adb2b2eb069b2df918f455c4e18cc646"

[[package]]
name = "libc"
version = "0.2.119"
source = "registry+https://github.com/rust-lang/crates.io-index"
checksum = "1bf2e165bb3457c8e098ea76f3e3bc9db55f87aa90d52d0e6be741470916aaa4"

[[package]]
name = "libffi"
version = "3.0.0"
source = "registry+https://github.com/rust-lang/crates.io-index"
checksum = "0e08093a2ddeee94bd0c830a53d895ff91f1f3bb0f9b3c8c6b00739cdf76bc1d"
dependencies = [
 "abort_on_panic",
 "libc",
 "libffi-sys",
]

[[package]]
name = "libffi-sys"
version = "2.0.0"
source = "registry+https://github.com/rust-lang/crates.io-index"
checksum = "ab4106b7f09d7b87d021334d5618fac1dfcfb824d4c5fe111ff0074dfd242e15"
dependencies = [
 "cc",
]

[[package]]
name = "libloading"
version = "0.7.3"
source = "registry+https://github.com/rust-lang/crates.io-index"
checksum = "efbc0f03f9a775e9f6aed295c6a1ba2253c5757a9e03d55c6caa46a681abcddd"
dependencies = [
 "cfg-if",
 "winapi",
]

[[package]]
name = "memchr"
version = "2.4.1"
source = "registry+https://github.com/rust-lang/crates.io-index"
checksum = "308cc39be01b73d0d18f82a0e7b2a3df85245f84af96fdddc5d202d27e47b86a"

[[package]]
name = "proc-macro2"
version = "1.0.36"
source = "registry+https://github.com/rust-lang/crates.io-index"
checksum = "c7342d5883fbccae1cc37a2353b09c87c9b0f3afd73f5fb9bba687a1f733b029"
dependencies = [
 "unicode-xid",
]

[[package]]
name = "quote"
version = "1.0.15"
source = "registry+https://github.com/rust-lang/crates.io-index"
checksum = "864d3e96a899863136fc6e99f3d7cae289dafe43bf2c5ac19b70df7210c0a145"
dependencies = [
 "proc-macro2",
]

[[package]]
name = "regex"
version = "1.5.4"
source = "registry+https://github.com/rust-lang/crates.io-index"
checksum = "d07a8629359eb56f1e2fb1652bb04212c072a87ba68546a04065d525673ac461"
dependencies = [
 "aho-corasick",
 "memchr",
 "regex-syntax",
]

[[package]]
name = "regex-syntax"
version = "0.6.25"
source = "registry+https://github.com/rust-lang/crates.io-index"
checksum = "f497285884f3fcff424ffc933e56d7cbca511def0c9831a7f9b5f6153e3cc89b"

[[package]]
name = "rustler"
version = "0.25.0"
source = "registry+https://github.com/rust-lang/crates.io-index"
checksum = "c3e6617fa86bacfb2de792c12e261e0f456bb9ff15038498ae421715bf4128c5"
dependencies = [
 "lazy_static",
 "rustler_codegen",
 "rustler_sys",
]

[[package]]
name = "rustler_codegen"
version = "0.25.0"
source = "registry+https://github.com/rust-lang/crates.io-index"
checksum = "05cda738bc4260019ee078a699fac55ce3577fe2db736b2cc64a4d6696950fa6"
dependencies = [
 "heck",
 "proc-macro2",
 "quote",
 "syn",
]

[[package]]
name = "rustler_sys"
version = "2.2.0"
source = "registry+https://github.com/rust-lang/crates.io-index"
checksum = "3ff26a42e62d538f82913dd34f60105ecfdffbdb25abdc3c3580b0c622285332"
dependencies = [
 "regex",
 "unreachable",
]

[[package]]
name = "syn"
version = "1.0.86"
source = "registry+https://github.com/rust-lang/crates.io-index"
checksum = "8a65b3f4ffa0092e9887669db0eae07941f023991ab58ea44da8fe8e2d511c6b"
dependencies = [
 "proc-macro2",
 "quote",
 "unicode-xid",
]

[[package]]
name = "unicode-xid"
version = "0.2.2"
source = "registry+https://github.com/rust-lang/crates.io-index"
checksum = "8ccb82d61f80a663efe1f787a51b16b5a51e3314d6ac365b08639f52387b33f3"

[[package]]
name = "unreachable"
version = "1.0.0"
source = "registry+https://github.com/rust-lang/crates.io-index"
checksum = "382810877fe448991dfc7f0dd6e3ae5d58088fd0ea5e35189655f84e6814fa56"
dependencies = [
 "void",
]

[[package]]
name = "void"
version = "1.0.2"
source = "registry+https://github.com/rust-lang/crates.io-index"
checksum = "6a02e4885ed3bc0f2de90ea6dd45ebcbb66dacffe03547fadbb0eeae2770887d"

[[package]]
name = "winapi"
version = "0.3.9"
source = "registry+https://github.com/rust-lang/crates.io-index"
checksum = "5c839a674fcd7a98952e593242ea400abe93992746761e38641405d28b00f419"
dependencies = [
 "winapi-i686-pc-windows-gnu",
 "winapi-x86_64-pc-windows-gnu",
]

[[package]]
name = "winapi-i686-pc-windows-gnu"
version = "0.4.0"
source = "registry+https://github.com/rust-lang/crates.io-index"
checksum = "ac3b87c63620426dd9b991e5ce0329eff545bccbbb34f3be09ff6fb6ab51b7b6"

[[package]]
name = "winapi-x86_64-pc-windows-gnu"
version = "0.4.0"
source = "registry+https://github.com/rust-lang/crates.io-index"
checksum = "712e227841d057c1ee1cd2fb22fa7e5a5461ae8e48fa2ca79ec42cfc1931183f"
