%{
  "bunt": {:hex, :bunt, "1.0.0", "081c2c665f086849e6d57900292b3a161727ab40431219529f13c4ddcf3e7a44", [:mix], [], "hexpm", "dc5f86aa08a5f6fa6b8096f0735c4e76d54ae5c9fa2c143e5a1fc7c1cd9bb6b5"},
  "castore": {:hex, :castore, "1.0.5", "9eeebb394cc9a0f3ae56b813459f990abb0a3dedee1be6b27fdb50301930502f", [:mix], [], "hexpm", "8d7c597c3e4a64c395980882d4bca3cebb8d74197c590dc272cfd3b6a6310578"},
  "credo": {:hex, :credo, "1.7.4", "68ca5cf89071511c12fd9919eb84e388d231121988f6932756596195ccf7fd35", [:mix], [{:bunt, "~> 0.2.1 or ~> 1.0", [hex: :bunt, repo: "hexpm", optional: false]}, {:file_system, "~> 0.2 or ~> 1.0", [hex: :file_system, repo: "hexpm", optional: false]}, {:jason, "~> 1.0", [hex: :jason, repo: "hexpm", optional: false]}], "hexpm", "9cf776d062c78bbe0f0de1ecaee183f18f2c3ec591326107989b054b7dddefc2"},
  "decimal": {:hex, :decimal, "2.1.1", "5611dca5d4b2c3dd497dec8f68751f1f1a54755e8ed2a966c2633cf885973ad6", [:mix], [], "hexpm", "53cfe5f497ed0e7771ae1a475575603d77425099ba5faef9394932b35020ffcc"},
  "doctor": {:hex, :doctor, "0.21.0", "20ef89355c67778e206225fe74913e96141c4d001cb04efdeba1a2a9704f1ab5", [:mix], [{:decimal, "~> 2.0", [hex: :decimal, repo: "hexpm", optional: false]}], "hexpm", "a227831daa79784eb24cdeedfa403c46a4cb7d0eab0e31232ec654314447e4e0"},
  "earmark_parser": {:hex, :earmark_parser, "1.4.39", "424642f8335b05bb9eb611aa1564c148a8ee35c9c8a8bba6e129d51a3e3c6769", [:mix], [], "hexpm", "06553a88d1f1846da9ef066b87b57c6f605552cfbe40d20bd8d59cc6bde41944"},
  "elixir_make": {:hex, :elixir_make, "0.7.8", "505026f266552ee5aabca0b9f9c229cbb496c689537c9f922f3eb5431157efc7", [:mix], [{:castore, "~> 0.1 or ~> 1.0", [hex: :castore, repo: "hexpm", optional: true]}, {:certifi, "~> 2.0", [hex: :certifi, repo: "hexpm", optional: true]}], "hexpm", "7a71945b913d37ea89b06966e1342c85cfe549b15e6d6d081e8081c493062c07"},
  "ex_doc": {:hex, :ex_doc, "0.31.1", "8a2355ac42b1cc7b2379da9e40243f2670143721dd50748bf6c3b1184dae2089", [:mix], [{:earmark_parser, "~> 1.4.39", [hex: :earmark_parser, repo: "hexpm", optional: false]}, {:makeup_c, ">= 0.1.1", [hex: :makeup_c, repo: "hexpm", optional: true]}, {:makeup_elixir, "~> 0.14", [hex: :makeup_elixir, repo: "hexpm", optional: false]}, {:makeup_erlang, "~> 0.1", [hex: :makeup_erlang, repo: "hexpm", optional: false]}], "hexpm", "3178c3a407c557d8343479e1ff117a96fd31bafe52a039079593fb0524ef61b0"},
  "file_system": {:hex, :file_system, "0.2.10", "fb082005a9cd1711c05b5248710f8826b02d7d1784e7c3451f9c1231d4fc162d", [:mix], [], "hexpm", "41195edbfb562a593726eda3b3e8b103a309b733ad25f3d642ba49696bf715dc"},
  "gradient": {:git, "https://github.com/esl/gradient.git", "33e13fbe1ff60a49abdc638d76b77effddf3cc45", []},
  "gradient_macros": {:git, "https://github.com/esl/gradient_macros.git", "3bce2146bf0cdf380f773c40e2b7bd6558ab6de8", [ref: "3bce214"]},
  "gradualizer": {:git, "https://github.com/josefs/Gradualizer.git", "3021d29d82741399d131e3be38d2a8db79d146d4", [tag: "0.3.0"]},
  "jason": {:hex, :jason, "1.4.1", "af1504e35f629ddcdd6addb3513c3853991f694921b1b9368b0bd32beb9f1b63", [:mix], [{:decimal, "~> 1.0 or ~> 2.0", [hex: :decimal, repo: "hexpm", optional: true]}], "hexpm", "fbb01ecdfd565b56261302f7e1fcc27c4fb8f32d56eab74db621fc154604a7a1"},
  "kinda": {:hex, :kinda, "0.5.0", "c24a6a57d7d9e50bc2f4f7baf15a7b7d68f29c1bde3d0b85679da2c25dcc16b4", [:mix], [{:elixir_make, "~> 0.4", [hex: :elixir_make, repo: "hexpm", optional: false]}, {:rustler_precompiled, "~> 0.5", [hex: :rustler_precompiled, repo: "hexpm", optional: false]}, {:zig_parser, "~> 0.1.0", [hex: :zig_parser, repo: "hexpm", optional: false]}], "hexpm", "66abc61e81443d75a67e632720818390fe4211b2a6c568c4665807890eb5ae6e"},
  "llvm_config": {:hex, :llvm_config, "0.1.1", "2c4a1e16c51d18528014c35783bc7779cb8b8b0d0ed2a5f3b4d35709a819e492", [:mix], [], "hexpm", "026376818206f1ff91f48946aa0272cac2bae2d00e81916d1275b3f9ca72a7ea"},
  "makeup": {:hex, :makeup, "1.1.1", "fa0bc768698053b2b3869fa8a62616501ff9d11a562f3ce39580d60860c3a55e", [:mix], [{:nimble_parsec, "~> 1.2.2 or ~> 1.3", [hex: :nimble_parsec, repo: "hexpm", optional: false]}], "hexpm", "5dc62fbdd0de44de194898b6710692490be74baa02d9d108bc29f007783b0b48"},
  "makeup_elixir": {:hex, :makeup_elixir, "0.16.1", "cc9e3ca312f1cfeccc572b37a09980287e243648108384b97ff2b76e505c3555", [:mix], [{:makeup, "~> 1.0", [hex: :makeup, repo: "hexpm", optional: false]}, {:nimble_parsec, "~> 1.2.3 or ~> 1.3", [hex: :nimble_parsec, repo: "hexpm", optional: false]}], "hexpm", "e127a341ad1b209bd80f7bd1620a15693a9908ed780c3b763bccf7d200c767c6"},
  "makeup_erlang": {:hex, :makeup_erlang, "0.1.4", "29563475afa9b8a2add1b7a9c8fb68d06ca7737648f28398e04461f008b69521", [:mix], [{:makeup, "~> 1.0", [hex: :makeup, repo: "hexpm", optional: false]}], "hexpm", "f4ed47ecda66de70dd817698a703f8816daa91272e7e45812469498614ae8b29"},
  "mix_test_watch": {:hex, :mix_test_watch, "1.1.2", "431bdccf20b110f1595fe2a0e3c6cffd96d8f706721def5d04d557bc0898c476", [:mix], [{:file_system, "~> 0.2.1 or ~> 0.3", [hex: :file_system, repo: "hexpm", optional: false]}], "hexpm", "8ce79fc69a304eec81ab6c1a05de2eb026a8959f65fb47f933ce8eb56018ba35"},
  "nimble_parsec": {:hex, :nimble_parsec, "1.4.0", "51f9b613ea62cfa97b25ccc2c1b4216e81df970acd8e16e8d1bdc58fef21370d", [:mix], [], "hexpm", "9c565862810fb383e9838c1dd2d7d2c437b3d13b267414ba6af33e50d2d1cf28"},
  "pegasus": {:hex, :pegasus, "0.2.4", "3d8d5a2c89552face9c7ca14f959cc6c6d2cd645db1df85940db4c77c3b21a24", [:mix], [{:nimble_parsec, "~> 1.2", [hex: :nimble_parsec, repo: "hexpm", optional: false]}], "hexpm", "2d21e2b6b946fe3cd441544bf9856e7772f29050332f0255e166a13cdbe65bb4"},
  "rustler_precompiled": {:hex, :rustler_precompiled, "0.7.1", "ecadf02cc59a0eccbaed6c1937303a5827fbcf60010c541595e6d3747d3d0f9f", [:mix], [{:castore, "~> 0.1 or ~> 1.0", [hex: :castore, repo: "hexpm", optional: false]}, {:rustler, "~> 0.23", [hex: :rustler, repo: "hexpm", optional: true]}], "hexpm", "b9e4657b99a1483ea31502e1d58c464bedebe9028808eda45c3a429af4550c66"},
  "zig_parser": {:hex, :zig_parser, "0.1.9", "13b5a23d273d524d50383223125d4083b327799b54d5cb03d815116f3c1ffa1e", [:mix], [{:pegasus, "~> 0.2.2", [hex: :pegasus, repo: "hexpm", optional: false]}], "hexpm", "6f2515bc0d23088742f6244abe1c797f43399eee29c7ed2a2d755f45be94eaec"},
}
